
Microsoft Visual Studio Solution File, Format Version 12.00
# Visual Studio 15
VisualStudioVersion = 15.0.27428.2037
MinimumVisualStudioVersion = 10.0.40219.1
Project("{FAE04EC0-301F-11D3-BF4B-00C04F79EFBC}") = "UpdateCurrencyRates", "UpdateCurrencyRates\UpdateCurrencyRates.csproj", "{A496A20F-9290-4FA6-85EA-1A49589A2CD5}"
EndProject
Project("{FAE04EC0-301F-11D3-BF4B-00C04F79EFBC}") = "DisableGatewayAccess", "DisableGatewayAccess\DisableGatewayAccess.csproj", "{EE457DB0-C43D-4765-8B37-8B5D70D554BB}"
EndProject
Project("{FAE04EC0-301F-11D3-BF4B-00C04F79EFBC}") = "LockUserAccount", "LockUserAccount\LockUserAccount.csproj", "{33B853F4-DC4B-4A18-B545-D350674BA140}"
EndProject
Project("{FAE04EC0-301F-11D3-BF4B-00C04F79EFBC}") = "UpdateProductLimits", "UpdateProductLimits\UpdateProductLimits.csproj", "{BD6AFCE0-1E0D-4F1C-8516-6C8B5576FEAD}"
EndProject
Project("{FAE04EC0-301F-11D3-BF4B-00C04F79EFBC}") = "UpdateUserCredit", "UpdateUserCredit\UpdateUserCredit.csproj", "{A7866BF4-D2EA-4D49-9BD4-C4B4157E2812}"
EndProject
Project("{FAE04EC0-301F-11D3-BF4B-00C04F79EFBC}") = "MarketDataListener", "..\..\..\code\MarketDataListener\MarketDataListener.csproj", "{57D02F2E-618B-4F85-870E-6DAF7CB07B6A}"
EndProject
Global
	GlobalSection(SolutionConfigurationPlatforms) = preSolution
		Debug|Any CPU = Debug|Any CPU
		Debug|x64 = Debug|x64
		Debug|x86 = Debug|x86
		Release|Any CPU = Release|Any CPU
		Release|x64 = Release|x64
		Release|x86 = Release|x86
	EndGlobalSection
	GlobalSection(ProjectConfigurationPlatforms) = postSolution
		{A496A20F-9290-4FA6-85EA-1A49589A2CD5}.Debug|Any CPU.ActiveCfg = Debug|x86
		{A496A20F-9290-4FA6-85EA-1A49589A2CD5}.Debug|x64.ActiveCfg = Debug|x86
		{A496A20F-9290-4FA6-85EA-1A49589A2CD5}.Debug|x86.ActiveCfg = Debug|x86
		{A496A20F-9290-4FA6-85EA-1A49589A2CD5}.Debug|x86.Build.0 = Debug|x86
		{A496A20F-9290-4FA6-85EA-1A49589A2CD5}.Release|Any CPU.ActiveCfg = Release|x86
		{A496A20F-9290-4FA6-85EA-1A49589A2CD5}.Release|x64.ActiveCfg = Release|x86
		{A496A20F-9290-4FA6-85EA-1A49589A2CD5}.Release|x86.ActiveCfg = Release|x86
		{A496A20F-9290-4FA6-85EA-1A49589A2CD5}.Release|x86.Build.0 = Release|x86
		{EE457DB0-C43D-4765-8B37-8B5D70D554BB}.Debug|Any CPU.ActiveCfg = Debug|x86
		{EE457DB0-C43D-4765-8B37-8B5D70D554BB}.Debug|x64.ActiveCfg = Debug|x86
		{EE457DB0-C43D-4765-8B37-8B5D70D554BB}.Debug|x86.ActiveCfg = Debug|x86
		{EE457DB0-C43D-4765-8B37-8B5D70D554BB}.Debug|x86.Build.0 = Debug|x86
		{EE457DB0-C43D-4765-8B37-8B5D70D554BB}.Release|Any CPU.ActiveCfg = Release|x86
		{EE457DB0-C43D-4765-8B37-8B5D70D554BB}.Release|x64.ActiveCfg = Release|x86
		{EE457DB0-C43D-4765-8B37-8B5D70D554BB}.Release|x86.ActiveCfg = Release|x86
		{EE457DB0-C43D-4765-8B37-8B5D70D554BB}.Release|x86.Build.0 = Release|x86
		{33B853F4-DC4B-4A18-B545-D350674BA140}.Debug|Any CPU.ActiveCfg = Debug|x86
		{33B853F4-DC4B-4A18-B545-D350674BA140}.Debug|x64.ActiveCfg = Debug|x86
		{33B853F4-DC4B-4A18-B545-D350674BA140}.Debug|x86.ActiveCfg = Debug|x86
		{33B853F4-DC4B-4A18-B545-D350674BA140}.Debug|x86.Build.0 = Debug|x86
		{33B853F4-DC4B-4A18-B545-D350674BA140}.Release|Any CPU.ActiveCfg = Release|x86
		{33B853F4-DC4B-4A18-B545-D350674BA140}.Release|x64.ActiveCfg = Release|x86
		{33B853F4-DC4B-4A18-B545-D350674BA140}.Release|x86.ActiveCfg = Release|x86
		{33B853F4-DC4B-4A18-B545-D350674BA140}.Release|x86.Build.0 = Release|x86
		{BD6AFCE0-1E0D-4F1C-8516-6C8B5576FEAD}.Debug|Any CPU.ActiveCfg = Debug|x86
		{BD6AFCE0-1E0D-4F1C-8516-6C8B5576FEAD}.Debug|x64.ActiveCfg = Debug|x86
		{BD6AFCE0-1E0D-4F1C-8516-6C8B5576FEAD}.Debug|x86.ActiveCfg = Debug|x86
		{BD6AFCE0-1E0D-4F1C-8516-6C8B5576FEAD}.Debug|x86.Build.0 = Debug|x86
		{BD6AFCE0-1E0D-4F1C-8516-6C8B5576FEAD}.Release|Any CPU.ActiveCfg = Release|x86
		{BD6AFCE0-1E0D-4F1C-8516-6C8B5576FEAD}.Release|x64.ActiveCfg = Release|x86
		{BD6AFCE0-1E0D-4F1C-8516-6C8B5576FEAD}.Release|x86.ActiveCfg = Release|x86
		{BD6AFCE0-1E0D-4F1C-8516-6C8B5576FEAD}.Release|x86.Build.0 = Release|x86
		{A7866BF4-D2EA-4D49-9BD4-C4B4157E2812}.Debug|Any CPU.ActiveCfg = Debug|x86
		{A7866BF4-D2EA-4D49-9BD4-C4B4157E2812}.Debug|x64.ActiveCfg = Debug|x86
		{A7866BF4-D2EA-4D49-9BD4-C4B4157E2812}.Debug|x86.ActiveCfg = Debug|x86
		{A7866BF4-D2EA-4D49-9BD4-C4B4157E2812}.Debug|x86.Build.0 = Debug|x86
		{A7866BF4-D2EA-4D49-9BD4-C4B4157E2812}.Release|Any CPU.ActiveCfg = Release|x86
		{A7866BF4-D2EA-4D49-9BD4-C4B4157E2812}.Release|x64.ActiveCfg = Release|x86
		{A7866BF4-D2EA-4D49-9BD4-C4B4157E2812}.Release|x86.ActiveCfg = Release|x86
		{A7866BF4-D2EA-4D49-9BD4-C4B4157E2812}.Release|x86.Build.0 = Release|x86
		{57D02F2E-618B-4F85-870E-6DAF7CB07B6A}.Debug|Any CPU.ActiveCfg = Debug|Any CPU
		{57D02F2E-618B-4F85-870E-6DAF7CB07B6A}.Debug|Any CPU.Build.0 = Debug|Any CPU
		{57D02F2E-618B-4F85-870E-6DAF7CB07B6A}.Debug|x64.ActiveCfg = Debug|Any CPU
		{57D02F2E-618B-4F85-870E-6DAF7CB07B6A}.Debug|x64.Build.0 = Debug|Any CPU
		{57D02F2E-618B-4F85-870E-6DAF7CB07B6A}.Debug|x86.ActiveCfg = Debug|Any CPU
		{57D02F2E-618B-4F85-870E-6DAF7CB07B6A}.Debug|x86.Build.0 = Debug|Any CPU
		{57D02F2E-618B-4F85-870E-6DAF7CB07B6A}.Release|Any CPU.ActiveCfg = Release|Any CPU
		{57D02F2E-618B-4F85-870E-6DAF7CB07B6A}.Release|Any CPU.Build.0 = Release|Any CPU
		{57D02F2E-618B-4F85-870E-6DAF7CB07B6A}.Release|x64.ActiveCfg = Release|Any CPU
		{57D02F2E-618B-4F85-870E-6DAF7CB07B6A}.Release|x64.Build.0 = Release|Any CPU
		{57D02F2E-618B-4F85-870E-6DAF7CB07B6A}.Release|x86.ActiveCfg = Release|Any CPU
		{57D02F2E-618B-4F85-870E-6DAF7CB07B6A}.Release|x86.Build.0 = Release|Any CPU
	EndGlobalSection
	GlobalSection(SolutionProperties) = preSolution
		HideSolutionNode = FALSE
	EndGlobalSection
	GlobalSection(ExtensibilityGlobals) = postSolution
		SolutionGuid = {97643235-3303-41F8-B298-7340B29E5C7B}
	EndGlobalSection
EndGlobal
